// !$*UTF8*$!
{
	archiveVersion = 1;
	classes = {
	};
	objectVersion = 56;
	objects = {

/* Begin PBXBuildFile section */
		F513D5802C4D7E8B00A7B475 /* PokemonType.swift in Sources */ = {isa = PBXBuildFile; fileRef = F513D57F2C4D7E8B00A7B475 /* PokemonType.swift */; };
		F513D5822C4D7EB300A7B475 /* Color + PokemonType.swift in Sources */ = {isa = PBXBuildFile; fileRef = F513D5812C4D7EB300A7B475 /* Color + PokemonType.swift */; };
		F513D5862C4DB3B300A7B475 /* PokemonMainViewModel.swift in Sources */ = {isa = PBXBuildFile; fileRef = F513D5852C4DB3B300A7B475 /* PokemonMainViewModel.swift */; };
		F513D5882C4DBC4000A7B475 /* PokemonButtonStack.swift in Sources */ = {isa = PBXBuildFile; fileRef = F513D5872C4DBC4000A7B475 /* PokemonButtonStack.swift */; };
		F513D58A2C4DBC8400A7B475 /* PokemonTopView.swift in Sources */ = {isa = PBXBuildFile; fileRef = F513D5892C4DBC8400A7B475 /* PokemonTopView.swift */; };
		F53CB6FA2C4D5D7300357D92 /* PokeapidexApp.swift in Sources */ = {isa = PBXBuildFile; fileRef = F53CB6F92C4D5D7300357D92 /* PokeapidexApp.swift */; };
		F53CB6FC2C4D5D7300357D92 /* PokemonMainView.swift in Sources */ = {isa = PBXBuildFile; fileRef = F53CB6FB2C4D5D7300357D92 /* PokemonMainView.swift */; };
		F53CB6FE2C4D5D7400357D92 /* Assets.xcassets in Resources */ = {isa = PBXBuildFile; fileRef = F53CB6FD2C4D5D7400357D92 /* Assets.xcassets */; };
		F53CB7012C4D5D7400357D92 /* Preview Assets.xcassets in Resources */ = {isa = PBXBuildFile; fileRef = F53CB7002C4D5D7400357D92 /* Preview Assets.xcassets */; };
		F53CB70B2C4D5D7400357D92 /* PokeapidexTests.swift in Sources */ = {isa = PBXBuildFile; fileRef = F53CB70A2C4D5D7400357D92 /* PokeapidexTests.swift */; };
		F53CB7152C4D5D7400357D92 /* PokeapidexUITests.swift in Sources */ = {isa = PBXBuildFile; fileRef = F53CB7142C4D5D7400357D92 /* PokeapidexUITests.swift */; };
		F53CB7172C4D5D7400357D92 /* PokeapidexUITestsLaunchTests.swift in Sources */ = {isa = PBXBuildFile; fileRef = F53CB7162C4D5D7400357D92 /* PokeapidexUITestsLaunchTests.swift */; };
		F53CB72F2C4D5EB200357D92 /* HTTPError.swift in Sources */ = {isa = PBXBuildFile; fileRef = F53CB72C2C4D5EB200357D92 /* HTTPError.swift */; };
		F53CB7302C4D5EB200357D92 /* HTTPMethod.swift in Sources */ = {isa = PBXBuildFile; fileRef = F53CB72D2C4D5EB200357D92 /* HTTPMethod.swift */; };
		F53CB7312C4D5EB200357D92 /* NetworkService.swift in Sources */ = {isa = PBXBuildFile; fileRef = F53CB72E2C4D5EB200357D92 /* NetworkService.swift */; };
		F53CB7342C4D5F7700357D92 /* PokemonList.swift in Sources */ = {isa = PBXBuildFile; fileRef = F53CB7322C4D5F7700357D92 /* PokemonList.swift */; };
		F53CB7352C4D5F7700357D92 /* Pokemon.swift in Sources */ = {isa = PBXBuildFile; fileRef = F53CB7332C4D5F7700357D92 /* Pokemon.swift */; };
		F53CB73A2C4D5F8400357D92 /* Endpoint.swift in Sources */ = {isa = PBXBuildFile; fileRef = F53CB7362C4D5F8400357D92 /* Endpoint.swift */; };
		F53CB73B2C4D5F8400357D92 /* EvolutionService.swift in Sources */ = {isa = PBXBuildFile; fileRef = F53CB7372C4D5F8400357D92 /* EvolutionService.swift */; };
		F53CB73C2C4D5F8400357D92 /* PokemonService.swift in Sources */ = {isa = PBXBuildFile; fileRef = F53CB7382C4D5F8400357D92 /* PokemonService.swift */; };
		F53CB73D2C4D5F8400357D92 /* Service.swift in Sources */ = {isa = PBXBuildFile; fileRef = F53CB7392C4D5F8400357D92 /* Service.swift */; };
/* End PBXBuildFile section */

/* Begin PBXContainerItemProxy section */
		F53CB7072C4D5D7400357D92 /* PBXContainerItemProxy */ = {
			isa = PBXContainerItemProxy;
			containerPortal = F53CB6EE2C4D5D7300357D92 /* Project object */;
			proxyType = 1;
			remoteGlobalIDString = F53CB6F52C4D5D7300357D92;
			remoteInfo = Pokeapidex;
		};
		F53CB7112C4D5D7400357D92 /* PBXContainerItemProxy */ = {
			isa = PBXContainerItemProxy;
			containerPortal = F53CB6EE2C4D5D7300357D92 /* Project object */;
			proxyType = 1;
			remoteGlobalIDString = F53CB6F52C4D5D7300357D92;
			remoteInfo = Pokeapidex;
		};
/* End PBXContainerItemProxy section */

/* Begin PBXFileReference section */
		F513D57F2C4D7E8B00A7B475 /* PokemonType.swift */ = {isa = PBXFileReference; lastKnownFileType = sourcecode.swift; path = PokemonType.swift; sourceTree = "<group>"; };
		F513D5812C4D7EB300A7B475 /* Color + PokemonType.swift */ = {isa = PBXFileReference; lastKnownFileType = sourcecode.swift; path = "Color + PokemonType.swift"; sourceTree = "<group>"; };
		F513D5852C4DB3B300A7B475 /* PokemonMainViewModel.swift */ = {isa = PBXFileReference; lastKnownFileType = sourcecode.swift; path = PokemonMainViewModel.swift; sourceTree = "<group>"; };
		F513D5872C4DBC4000A7B475 /* PokemonButtonStack.swift */ = {isa = PBXFileReference; lastKnownFileType = sourcecode.swift; path = PokemonButtonStack.swift; sourceTree = "<group>"; };
		F513D5892C4DBC8400A7B475 /* PokemonTopView.swift */ = {isa = PBXFileReference; lastKnownFileType = sourcecode.swift; path = PokemonTopView.swift; sourceTree = "<group>"; };
		F53CB6F62C4D5D7300357D92 /* Pokeapidex.app */ = {isa = PBXFileReference; explicitFileType = wrapper.application; includeInIndex = 0; path = Pokeapidex.app; sourceTree = BUILT_PRODUCTS_DIR; };
		F53CB6F92C4D5D7300357D92 /* PokeapidexApp.swift */ = {isa = PBXFileReference; lastKnownFileType = sourcecode.swift; path = PokeapidexApp.swift; sourceTree = "<group>"; };
		F53CB6FB2C4D5D7300357D92 /* PokemonMainView.swift */ = {isa = PBXFileReference; lastKnownFileType = sourcecode.swift; path = PokemonMainView.swift; sourceTree = "<group>"; };
		F53CB6FD2C4D5D7400357D92 /* Assets.xcassets */ = {isa = PBXFileReference; lastKnownFileType = folder.assetcatalog; path = Assets.xcassets; sourceTree = "<group>"; };
		F53CB7002C4D5D7400357D92 /* Preview Assets.xcassets */ = {isa = PBXFileReference; lastKnownFileType = folder.assetcatalog; path = "Preview Assets.xcassets"; sourceTree = "<group>"; };
		F53CB7062C4D5D7400357D92 /* PokeapidexTests.xctest */ = {isa = PBXFileReference; explicitFileType = wrapper.cfbundle; includeInIndex = 0; path = PokeapidexTests.xctest; sourceTree = BUILT_PRODUCTS_DIR; };
		F53CB70A2C4D5D7400357D92 /* PokeapidexTests.swift */ = {isa = PBXFileReference; lastKnownFileType = sourcecode.swift; path = PokeapidexTests.swift; sourceTree = "<group>"; };
		F53CB7102C4D5D7400357D92 /* PokeapidexUITests.xctest */ = {isa = PBXFileReference; explicitFileType = wrapper.cfbundle; includeInIndex = 0; path = PokeapidexUITests.xctest; sourceTree = BUILT_PRODUCTS_DIR; };
		F53CB7142C4D5D7400357D92 /* PokeapidexUITests.swift */ = {isa = PBXFileReference; lastKnownFileType = sourcecode.swift; path = PokeapidexUITests.swift; sourceTree = "<group>"; };
		F53CB7162C4D5D7400357D92 /* PokeapidexUITestsLaunchTests.swift */ = {isa = PBXFileReference; lastKnownFileType = sourcecode.swift; path = PokeapidexUITestsLaunchTests.swift; sourceTree = "<group>"; };
		F53CB72C2C4D5EB200357D92 /* HTTPError.swift */ = {isa = PBXFileReference; fileEncoding = 4; lastKnownFileType = sourcecode.swift; path = HTTPError.swift; sourceTree = "<group>"; };
		F53CB72D2C4D5EB200357D92 /* HTTPMethod.swift */ = {isa = PBXFileReference; fileEncoding = 4; lastKnownFileType = sourcecode.swift; path = HTTPMethod.swift; sourceTree = "<group>"; };
		F53CB72E2C4D5EB200357D92 /* NetworkService.swift */ = {isa = PBXFileReference; fileEncoding = 4; lastKnownFileType = sourcecode.swift; path = NetworkService.swift; sourceTree = "<group>"; };
		F53CB7322C4D5F7700357D92 /* PokemonList.swift */ = {isa = PBXFileReference; fileEncoding = 4; lastKnownFileType = sourcecode.swift; path = PokemonList.swift; sourceTree = "<group>"; };
		F53CB7332C4D5F7700357D92 /* Pokemon.swift */ = {isa = PBXFileReference; fileEncoding = 4; lastKnownFileType = sourcecode.swift; path = Pokemon.swift; sourceTree = "<group>"; };
		F53CB7362C4D5F8400357D92 /* Endpoint.swift */ = {isa = PBXFileReference; fileEncoding = 4; lastKnownFileType = sourcecode.swift; path = Endpoint.swift; sourceTree = "<group>"; };
		F53CB7372C4D5F8400357D92 /* EvolutionService.swift */ = {isa = PBXFileReference; fileEncoding = 4; lastKnownFileType = sourcecode.swift; path = EvolutionService.swift; sourceTree = "<group>"; };
		F53CB7382C4D5F8400357D92 /* PokemonService.swift */ = {isa = PBXFileReference; fileEncoding = 4; lastKnownFileType = sourcecode.swift; path = PokemonService.swift; sourceTree = "<group>"; };
		F53CB7392C4D5F8400357D92 /* Service.swift */ = {isa = PBXFileReference; fileEncoding = 4; lastKnownFileType = sourcecode.swift; path = Service.swift; sourceTree = "<group>"; };
/* End PBXFileReference section */

/* Begin PBXFrameworksBuildPhase section */
		F53CB6F32C4D5D7300357D92 /* Frameworks */ = {
			isa = PBXFrameworksBuildPhase;
			buildActionMask = 2147483647;
			files = (
			);
			runOnlyForDeploymentPostprocessing = 0;
		};
		F53CB7032C4D5D7400357D92 /* Frameworks */ = {
			isa = PBXFrameworksBuildPhase;
			buildActionMask = 2147483647;
			files = (
			);
			runOnlyForDeploymentPostprocessing = 0;
		};
		F53CB70D2C4D5D7400357D92 /* Frameworks */ = {
			isa = PBXFrameworksBuildPhase;
			buildActionMask = 2147483647;
			files = (
			);
			runOnlyForDeploymentPostprocessing = 0;
		};
/* End PBXFrameworksBuildPhase section */

/* Begin PBXGroup section */
		F513D57E2C4D7E6800A7B475 /* Utilities */ = {
			isa = PBXGroup;
			children = (
				F513D57F2C4D7E8B00A7B475 /* PokemonType.swift */,
				F513D5812C4D7EB300A7B475 /* Color + PokemonType.swift */,
			);
			path = Utilities;
			sourceTree = "<group>";
		};
		F513D5832C4DB35200A7B475 /* Views */ = {
			isa = PBXGroup;
			children = (
				F53CB6FB2C4D5D7300357D92 /* PokemonMainView.swift */,
				F513D5872C4DBC4000A7B475 /* PokemonButtonStack.swift */,
				F513D5892C4DBC8400A7B475 /* PokemonTopView.swift */,
			);
			path = Views;
			sourceTree = "<group>";
		};
		F513D5842C4DB35B00A7B475 /* ViewModels */ = {
			isa = PBXGroup;
			children = (
				F513D5852C4DB3B300A7B475 /* PokemonMainViewModel.swift */,
			);
			path = ViewModels;
			sourceTree = "<group>";
		};
		F53CB6ED2C4D5D7300357D92 = {
			isa = PBXGroup;
			children = (
				F53CB6F82C4D5D7300357D92 /* Pokeapidex */,
				F53CB7092C4D5D7400357D92 /* PokeapidexTests */,
				F53CB7132C4D5D7400357D92 /* PokeapidexUITests */,
				F53CB6F72C4D5D7300357D92 /* Products */,
			);
			sourceTree = "<group>";
		};
		F53CB6F72C4D5D7300357D92 /* Products */ = {
			isa = PBXGroup;
			children = (
				F53CB6F62C4D5D7300357D92 /* Pokeapidex.app */,
				F53CB7062C4D5D7400357D92 /* PokeapidexTests.xctest */,
				F53CB7102C4D5D7400357D92 /* PokeapidexUITests.xctest */,
			);
			name = Products;
			sourceTree = "<group>";
		};
		F53CB6F82C4D5D7300357D92 /* Pokeapidex */ = {
			isa = PBXGroup;
			children = (
				F513D5842C4DB35B00A7B475 /* ViewModels */,
				F513D5832C4DB35200A7B475 /* Views */,
				F513D57E2C4D7E6800A7B475 /* Utilities */,
				F53CB7252C4D5DFD00357D92 /* Models */,
				F53CB7242C4D5DD100357D92 /* Services */,
				F53CB7232C4D5DC700357D92 /* Network */,
				F53CB6F92C4D5D7300357D92 /* PokeapidexApp.swift */,
				F53CB6FD2C4D5D7400357D92 /* Assets.xcassets */,
				F53CB6FF2C4D5D7400357D92 /* Preview Content */,
			);
			path = Pokeapidex;
			sourceTree = "<group>";
		};
		F53CB6FF2C4D5D7400357D92 /* Preview Content */ = {
			isa = PBXGroup;
			children = (
				F53CB7002C4D5D7400357D92 /* Preview Assets.xcassets */,
			);
			path = "Preview Content";
			sourceTree = "<group>";
		};
		F53CB7092C4D5D7400357D92 /* PokeapidexTests */ = {
			isa = PBXGroup;
			children = (
				F53CB70A2C4D5D7400357D92 /* PokeapidexTests.swift */,
			);
			path = PokeapidexTests;
			sourceTree = "<group>";
		};
		F53CB7132C4D5D7400357D92 /* PokeapidexUITests */ = {
			isa = PBXGroup;
			children = (
				F53CB7142C4D5D7400357D92 /* PokeapidexUITests.swift */,
				F53CB7162C4D5D7400357D92 /* PokeapidexUITestsLaunchTests.swift */,
			);
			path = PokeapidexUITests;
			sourceTree = "<group>";
		};
		F53CB7232C4D5DC700357D92 /* Network */ = {
			isa = PBXGroup;
			children = (
				F53CB72C2C4D5EB200357D92 /* HTTPError.swift */,
				F53CB72D2C4D5EB200357D92 /* HTTPMethod.swift */,
				F53CB72E2C4D5EB200357D92 /* NetworkService.swift */,
			);
			path = Network;
			sourceTree = "<group>";
		};
		F53CB7242C4D5DD100357D92 /* Services */ = {
			isa = PBXGroup;
			children = (
				F53CB7362C4D5F8400357D92 /* Endpoint.swift */,
				F53CB7372C4D5F8400357D92 /* EvolutionService.swift */,
				F53CB7382C4D5F8400357D92 /* PokemonService.swift */,
				F53CB7392C4D5F8400357D92 /* Service.swift */,
			);
			path = Services;
			sourceTree = "<group>";
		};
		F53CB7252C4D5DFD00357D92 /* Models */ = {
			isa = PBXGroup;
			children = (
				F53CB7332C4D5F7700357D92 /* Pokemon.swift */,
				F53CB7322C4D5F7700357D92 /* PokemonList.swift */,
			);
			path = Models;
			sourceTree = "<group>";
		};
/* End PBXGroup section */

/* Begin PBXNativeTarget section */
		F53CB6F52C4D5D7300357D92 /* Pokeapidex */ = {
			isa = PBXNativeTarget;
			buildConfigurationList = F53CB71A2C4D5D7400357D92 /* Build configuration list for PBXNativeTarget "Pokeapidex" */;
			buildPhases = (
				F53CB6F22C4D5D7300357D92 /* Sources */,
				F53CB6F32C4D5D7300357D92 /* Frameworks */,
				F53CB6F42C4D5D7300357D92 /* Resources */,
			);
			buildRules = (
			);
			dependencies = (
			);
			name = Pokeapidex;
			productName = Pokeapidex;
			productReference = F53CB6F62C4D5D7300357D92 /* Pokeapidex.app */;
			productType = "com.apple.product-type.application";
		};
		F53CB7052C4D5D7400357D92 /* PokeapidexTests */ = {
			isa = PBXNativeTarget;
			buildConfigurationList = F53CB71D2C4D5D7400357D92 /* Build configuration list for PBXNativeTarget "PokeapidexTests" */;
			buildPhases = (
				F53CB7022C4D5D7400357D92 /* Sources */,
				F53CB7032C4D5D7400357D92 /* Frameworks */,
				F53CB7042C4D5D7400357D92 /* Resources */,
			);
			buildRules = (
			);
			dependencies = (
				F53CB7082C4D5D7400357D92 /* PBXTargetDependency */,
			);
			name = PokeapidexTests;
			productName = PokeapidexTests;
			productReference = F53CB7062C4D5D7400357D92 /* PokeapidexTests.xctest */;
			productType = "com.apple.product-type.bundle.unit-test";
		};
		F53CB70F2C4D5D7400357D92 /* PokeapidexUITests */ = {
			isa = PBXNativeTarget;
			buildConfigurationList = F53CB7202C4D5D7400357D92 /* Build configuration list for PBXNativeTarget "PokeapidexUITests" */;
			buildPhases = (
				F53CB70C2C4D5D7400357D92 /* Sources */,
				F53CB70D2C4D5D7400357D92 /* Frameworks */,
				F53CB70E2C4D5D7400357D92 /* Resources */,
			);
			buildRules = (
			);
			dependencies = (
				F53CB7122C4D5D7400357D92 /* PBXTargetDependency */,
			);
			name = PokeapidexUITests;
			productName = PokeapidexUITests;
			productReference = F53CB7102C4D5D7400357D92 /* PokeapidexUITests.xctest */;
			productType = "com.apple.product-type.bundle.ui-testing";
		};
/* End PBXNativeTarget section */

/* Begin PBXProject section */
		F53CB6EE2C4D5D7300357D92 /* Project object */ = {
			isa = PBXProject;
			attributes = {
				BuildIndependentTargetsInParallel = 1;
				LastSwiftUpdateCheck = 1540;
				LastUpgradeCheck = 1540;
				TargetAttributes = {
					F53CB6F52C4D5D7300357D92 = {
						CreatedOnToolsVersion = 15.4;
					};
					F53CB7052C4D5D7400357D92 = {
						CreatedOnToolsVersion = 15.4;
						TestTargetID = F53CB6F52C4D5D7300357D92;
					};
					F53CB70F2C4D5D7400357D92 = {
						CreatedOnToolsVersion = 15.4;
						TestTargetID = F53CB6F52C4D5D7300357D92;
					};
				};
			};
			buildConfigurationList = F53CB6F12C4D5D7300357D92 /* Build configuration list for PBXProject "Pokeapidex" */;
			compatibilityVersion = "Xcode 14.0";
			developmentRegion = en;
			hasScannedForEncodings = 0;
			knownRegions = (
				en,
				Base,
			);
			mainGroup = F53CB6ED2C4D5D7300357D92;
			productRefGroup = F53CB6F72C4D5D7300357D92 /* Products */;
			projectDirPath = "";
			projectRoot = "";
			targets = (
				F53CB6F52C4D5D7300357D92 /* Pokeapidex */,
				F53CB7052C4D5D7400357D92 /* PokeapidexTests */,
				F53CB70F2C4D5D7400357D92 /* PokeapidexUITests */,
			);
		};
/* End PBXProject section */

/* Begin PBXResourcesBuildPhase section */
		F53CB6F42C4D5D7300357D92 /* Resources */ = {
			isa = PBXResourcesBuildPhase;
			buildActionMask = 2147483647;
			files = (
				F53CB7012C4D5D7400357D92 /* Preview Assets.xcassets in Resources */,
				F53CB6FE2C4D5D7400357D92 /* Assets.xcassets in Resources */,
			);
			runOnlyForDeploymentPostprocessing = 0;
		};
		F53CB7042C4D5D7400357D92 /* Resources */ = {
			isa = PBXResourcesBuildPhase;
			buildActionMask = 2147483647;
			files = (
			);
			runOnlyForDeploymentPostprocessing = 0;
		};
		F53CB70E2C4D5D7400357D92 /* Resources */ = {
			isa = PBXResourcesBuildPhase;
			buildActionMask = 2147483647;
			files = (
			);
			runOnlyForDeploymentPostprocessing = 0;
		};
/* End PBXResourcesBuildPhase section */

/* Begin PBXSourcesBuildPhase section */
		F53CB6F22C4D5D7300357D92 /* Sources */ = {
			isa = PBXSourcesBuildPhase;
			buildActionMask = 2147483647;
			files = (
				F53CB7352C4D5F7700357D92 /* Pokemon.swift in Sources */,
				F53CB73B2C4D5F8400357D92 /* EvolutionService.swift in Sources */,
				F53CB7312C4D5EB200357D92 /* NetworkService.swift in Sources */,
				F513D5802C4D7E8B00A7B475 /* PokemonType.swift in Sources */,
				F513D5822C4D7EB300A7B475 /* Color + PokemonType.swift in Sources */,
				F53CB73A2C4D5F8400357D92 /* Endpoint.swift in Sources */,
				F513D58A2C4DBC8400A7B475 /* PokemonTopView.swift in Sources */,
				F53CB7302C4D5EB200357D92 /* HTTPMethod.swift in Sources */,
				F53CB73C2C4D5F8400357D92 /* PokemonService.swift in Sources */,
				F53CB6FC2C4D5D7300357D92 /* PokemonMainView.swift in Sources */,
				F513D5882C4DBC4000A7B475 /* PokemonButtonStack.swift in Sources */,
				F53CB72F2C4D5EB200357D92 /* HTTPError.swift in Sources */,
				F53CB73D2C4D5F8400357D92 /* Service.swift in Sources */,
				F53CB6FA2C4D5D7300357D92 /* PokeapidexApp.swift in Sources */,
				F53CB7342C4D5F7700357D92 /* PokemonList.swift in Sources */,
				F513D5862C4DB3B300A7B475 /* PokemonMainViewModel.swift in Sources */,
			);
			runOnlyForDeploymentPostprocessing = 0;
		};
		F53CB7022C4D5D7400357D92 /* Sources */ = {
			isa = PBXSourcesBuildPhase;
			buildActionMask = 2147483647;
			files = (
				F53CB70B2C4D5D7400357D92 /* PokeapidexTests.swift in Sources */,
			);
			runOnlyForDeploymentPostprocessing = 0;
		};
		F53CB70C2C4D5D7400357D92 /* Sources */ = {
			isa = PBXSourcesBuildPhase;
			buildActionMask = 2147483647;
			files = (
				F53CB7172C4D5D7400357D92 /* PokeapidexUITestsLaunchTests.swift in Sources */,
				F53CB7152C4D5D7400357D92 /* PokeapidexUITests.swift in Sources */,
			);
			runOnlyForDeploymentPostprocessing = 0;
		};
/* End PBXSourcesBuildPhase section */

/* Begin PBXTargetDependency section */
		F53CB7082C4D5D7400357D92 /* PBXTargetDependency */ = {
			isa = PBXTargetDependency;
			target = F53CB6F52C4D5D7300357D92 /* Pokeapidex */;
			targetProxy = F53CB7072C4D5D7400357D92 /* PBXContainerItemProxy */;
		};
		F53CB7122C4D5D7400357D92 /* PBXTargetDependency */ = {
			isa = PBXTargetDependency;
			target = F53CB6F52C4D5D7300357D92 /* Pokeapidex */;
			targetProxy = F53CB7112C4D5D7400357D92 /* PBXContainerItemProxy */;
		};
/* End PBXTargetDependency section */

/* Begin XCBuildConfiguration section */
		F53CB7182C4D5D7400357D92 /* Debug */ = {
			isa = XCBuildConfiguration;
			buildSettings = {
				ALWAYS_SEARCH_USER_PATHS = NO;
				ASSETCATALOG_COMPILER_GENERATE_SWIFT_ASSET_SYMBOL_EXTENSIONS = YES;
				CLANG_ANALYZER_NONNULL = YES;
				CLANG_ANALYZER_NUMBER_OBJECT_CONVERSION = YES_AGGRESSIVE;
				CLANG_CXX_LANGUAGE_STANDARD = "gnu++20";
				CLANG_ENABLE_MODULES = YES;
				CLANG_ENABLE_OBJC_ARC = YES;
				CLANG_ENABLE_OBJC_WEAK = YES;
				CLANG_WARN_BLOCK_CAPTURE_AUTORELEASING = YES;
				CLANG_WARN_BOOL_CONVERSION = YES;
				CLANG_WARN_COMMA = YES;
				CLANG_WARN_CONSTANT_CONVERSION = YES;
				CLANG_WARN_DEPRECATED_OBJC_IMPLEMENTATIONS = YES;
				CLANG_WARN_DIRECT_OBJC_ISA_USAGE = YES_ERROR;
				CLANG_WARN_DOCUMENTATION_COMMENTS = YES;
				CLANG_WARN_EMPTY_BODY = YES;
				CLANG_WARN_ENUM_CONVERSION = YES;
				CLANG_WARN_INFINITE_RECURSION = YES;
				CLANG_WARN_INT_CONVERSION = YES;
				CLANG_WARN_NON_LITERAL_NULL_CONVERSION = YES;
				CLANG_WARN_OBJC_IMPLICIT_RETAIN_SELF = YES;
				CLANG_WARN_OBJC_LITERAL_CONVERSION = YES;
				CLANG_WARN_OBJC_ROOT_CLASS = YES_ERROR;
				CLANG_WARN_QUOTED_INCLUDE_IN_FRAMEWORK_HEADER = YES;
				CLANG_WARN_RANGE_LOOP_ANALYSIS = YES;
				CLANG_WARN_STRICT_PROTOTYPES = YES;
				CLANG_WARN_SUSPICIOUS_MOVE = YES;
				CLANG_WARN_UNGUARDED_AVAILABILITY = YES_AGGRESSIVE;
				CLANG_WARN_UNREACHABLE_CODE = YES;
				CLANG_WARN__DUPLICATE_METHOD_MATCH = YES;
				COPY_PHASE_STRIP = NO;
				DEBUG_INFORMATION_FORMAT = dwarf;
				ENABLE_STRICT_OBJC_MSGSEND = YES;
				ENABLE_TESTABILITY = YES;
				ENABLE_USER_SCRIPT_SANDBOXING = YES;
				GCC_C_LANGUAGE_STANDARD = gnu17;
				GCC_DYNAMIC_NO_PIC = NO;
				GCC_NO_COMMON_BLOCKS = YES;
				GCC_OPTIMIZATION_LEVEL = 0;
				GCC_PREPROCESSOR_DEFINITIONS = (
					"DEBUG=1",
					"$(inherited)",
				);
				GCC_WARN_64_TO_32_BIT_CONVERSION = YES;
				GCC_WARN_ABOUT_RETURN_TYPE = YES_ERROR;
				GCC_WARN_UNDECLARED_SELECTOR = YES;
				GCC_WARN_UNINITIALIZED_AUTOS = YES_AGGRESSIVE;
				GCC_WARN_UNUSED_FUNCTION = YES;
				GCC_WARN_UNUSED_VARIABLE = YES;
				IPHONEOS_DEPLOYMENT_TARGET = 17.5;
				LOCALIZATION_PREFERS_STRING_CATALOGS = YES;
				MTL_ENABLE_DEBUG_INFO = INCLUDE_SOURCE;
				MTL_FAST_MATH = YES;
				ONLY_ACTIVE_ARCH = YES;
				SDKROOT = iphoneos;
				SWIFT_ACTIVE_COMPILATION_CONDITIONS = "DEBUG $(inherited)";
				SWIFT_OPTIMIZATION_LEVEL = "-Onone";
			};
			name = Debug;
		};
		F53CB7192C4D5D7400357D92 /* Release */ = {
			isa = XCBuildConfiguration;
			buildSettings = {
				ALWAYS_SEARCH_USER_PATHS = NO;
				ASSETCATALOG_COMPILER_GENERATE_SWIFT_ASSET_SYMBOL_EXTENSIONS = YES;
				CLANG_ANALYZER_NONNULL = YES;
				CLANG_ANALYZER_NUMBER_OBJECT_CONVERSION = YES_AGGRESSIVE;
				CLANG_CXX_LANGUAGE_STANDARD = "gnu++20";
				CLANG_ENABLE_MODULES = YES;
				CLANG_ENABLE_OBJC_ARC = YES;
				CLANG_ENABLE_OBJC_WEAK = YES;
				CLANG_WARN_BLOCK_CAPTURE_AUTORELEASING = YES;
				CLANG_WARN_BOOL_CONVERSION = YES;
				CLANG_WARN_COMMA = YES;
				CLANG_WARN_CONSTANT_CONVERSION = YES;
				CLANG_WARN_DEPRECATED_OBJC_IMPLEMENTATIONS = YES;
				CLANG_WARN_DIRECT_OBJC_ISA_USAGE = YES_ERROR;
				CLANG_WARN_DOCUMENTATION_COMMENTS = YES;
				CLANG_WARN_EMPTY_BODY = YES;
				CLANG_WARN_ENUM_CONVERSION = YES;
				CLANG_WARN_INFINITE_RECURSION = YES;
				CLANG_WARN_INT_CONVERSION = YES;
				CLANG_WARN_NON_LITERAL_NULL_CONVERSION = YES;
				CLANG_WARN_OBJC_IMPLICIT_RETAIN_SELF = YES;
				CLANG_WARN_OBJC_LITERAL_CONVERSION = YES;
				CLANG_WARN_OBJC_ROOT_CLASS = YES_ERROR;
				CLANG_WARN_QUOTED_INCLUDE_IN_FRAMEWORK_HEADER = YES;
				CLANG_WARN_RANGE_LOOP_ANALYSIS = YES;
				CLANG_WARN_STRICT_PROTOTYPES = YES;
				CLANG_WARN_SUSPICIOUS_MOVE = YES;
				CLANG_WARN_UNGUARDED_AVAILABILITY = YES_AGGRESSIVE;
				CLANG_WARN_UNREACHABLE_CODE = YES;
				CLANG_WARN__DUPLICATE_METHOD_MATCH = YES;
				COPY_PHASE_STRIP = NO;
				DEBUG_INFORMATION_FORMAT = "dwarf-with-dsym";
				ENABLE_NS_ASSERTIONS = NO;
				ENABLE_STRICT_OBJC_MSGSEND = YES;
				ENABLE_USER_SCRIPT_SANDBOXING = YES;
				GCC_C_LANGUAGE_STANDARD = gnu17;
				GCC_NO_COMMON_BLOCKS = YES;
				GCC_WARN_64_TO_32_BIT_CONVERSION = YES;
				GCC_WARN_ABOUT_RETURN_TYPE = YES_ERROR;
				GCC_WARN_UNDECLARED_SELECTOR = YES;
				GCC_WARN_UNINITIALIZED_AUTOS = YES_AGGRESSIVE;
				GCC_WARN_UNUSED_FUNCTION = YES;
				GCC_WARN_UNUSED_VARIABLE = YES;
				IPHONEOS_DEPLOYMENT_TARGET = 17.5;
				LOCALIZATION_PREFERS_STRING_CATALOGS = YES;
				MTL_ENABLE_DEBUG_INFO = NO;
				MTL_FAST_MATH = YES;
				SDKROOT = iphoneos;
				SWIFT_COMPILATION_MODE = wholemodule;
				VALIDATE_PRODUCT = YES;
			};
			name = Release;
		};
		F53CB71B2C4D5D7400357D92 /* Debug */ = {
			isa = XCBuildConfiguration;
			buildSettings = {
				ASSETCATALOG_COMPILER_APPICON_NAME = AppIcon;
				ASSETCATALOG_COMPILER_GLOBAL_ACCENT_COLOR_NAME = AccentColor;
				CODE_SIGN_STYLE = Automatic;
				CURRENT_PROJECT_VERSION = 1;
				DEVELOPMENT_ASSET_PATHS = "\"Pokeapidex/Preview Content\"";
				DEVELOPMENT_TEAM = F2882L3WU5;
				ENABLE_PREVIEWS = YES;
				GENERATE_INFOPLIST_FILE = YES;
				INFOPLIST_KEY_UIApplicationSceneManifest_Generation = YES;
				INFOPLIST_KEY_UIApplicationSupportsIndirectInputEvents = YES;
				INFOPLIST_KEY_UILaunchScreen_Generation = YES;
				INFOPLIST_KEY_UISupportedInterfaceOrientations_iPad = "UIInterfaceOrientationPortrait UIInterfaceOrientationPortraitUpsideDown UIInterfaceOrientationLandscapeLeft UIInterfaceOrientationLandscapeRight";
				INFOPLIST_KEY_UISupportedInterfaceOrientations_iPhone = "UIInterfaceOrientationPortrait UIInterfaceOrientationLandscapeLeft UIInterfaceOrientationLandscapeRight";
				LD_RUNPATH_SEARCH_PATHS = (
					"$(inherited)",
					"@executable_path/Frameworks",
				);
				MARKETING_VERSION = 1.0;
				PRODUCT_BUNDLE_IDENTIFIER = com.pathos.pokeapidex.Pokeapidex;
				PRODUCT_NAME = "$(TARGET_NAME)";
				SWIFT_EMIT_LOC_STRINGS = YES;
				SWIFT_VERSION = 5.0;
				TARGETED_DEVICE_FAMILY = "1,2";
			};
			name = Debug;
		};
		F53CB71C2C4D5D7400357D92 /* Release */ = {
			isa = XCBuildConfiguration;
			buildSettings = {
				ASSETCATALOG_COMPILER_APPICON_NAME = AppIcon;
				ASSETCATALOG_COMPILER_GLOBAL_ACCENT_COLOR_NAME = AccentColor;
				CODE_SIGN_STYLE = Automatic;
				CURRENT_PROJECT_VERSION = 1;
				DEVELOPMENT_ASSET_PATHS = "\"Pokeapidex/Preview Content\"";
				DEVELOPMENT_TEAM = F2882L3WU5;
				ENABLE_PREVIEWS = YES;
				GENERATE_INFOPLIST_FILE = YES;
				INFOPLIST_KEY_UIApplicationSceneManifest_Generation = YES;
				INFOPLIST_KEY_UIApplicationSupportsIndirectInputEvents = YES;
				INFOPLIST_KEY_UILaunchScreen_Generation = YES;
				INFOPLIST_KEY_UISupportedInterfaceOrientations_iPad = "UIInterfaceOrientationPortrait UIInterfaceOrientationPortraitUpsideDown UIInterfaceOrientationLandscapeLeft UIInterfaceOrientationLandscapeRight";
				INFOPLIST_KEY_UISupportedInterfaceOrientations_iPhone = "UIInterfaceOrientationPortrait UIInterfaceOrientationLandscapeLeft UIInterfaceOrientationLandscapeRight";
				LD_RUNPATH_SEARCH_PATHS = (
					"$(inherited)",
					"@executable_path/Frameworks",
				);
				MARKETING_VERSION = 1.0;
				PRODUCT_BUNDLE_IDENTIFIER = com.pathos.pokeapidex.Pokeapidex;
				PRODUCT_NAME = "$(TARGET_NAME)";
				SWIFT_EMIT_LOC_STRINGS = YES;
				SWIFT_VERSION = 5.0;
				TARGETED_DEVICE_FAMILY = "1,2";
			};
			name = Release;
		};
		F53CB71E2C4D5D7400357D92 /* Debug */ = {
			isa = XCBuildConfiguration;
			buildSettings = {
				ALWAYS_EMBED_SWIFT_STANDARD_LIBRARIES = YES;
				BUNDLE_LOADER = "$(TEST_HOST)";
				CODE_SIGN_STYLE = Automatic;
				CURRENT_PROJECT_VERSION = 1;
				DEVELOPMENT_TEAM = F2882L3WU5;
				GENERATE_INFOPLIST_FILE = YES;
				IPHONEOS_DEPLOYMENT_TARGET = 17.5;
				MARKETING_VERSION = 1.0;
				PRODUCT_BUNDLE_IDENTIFIER = com.pathos.pokeapidex.PokeapidexTests;
				PRODUCT_NAME = "$(TARGET_NAME)";
				SWIFT_EMIT_LOC_STRINGS = NO;
				SWIFT_VERSION = 5.0;
				TARGETED_DEVICE_FAMILY = "1,2";
				TEST_HOST = "$(BUILT_PRODUCTS_DIR)/Pokeapidex.app/$(BUNDLE_EXECUTABLE_FOLDER_PATH)/Pokeapidex";
			};
			name = Debug;
		};
		F53CB71F2C4D5D7400357D92 /* Release */ = {
			isa = XCBuildConfiguration;
			buildSettings = {
				ALWAYS_EMBED_SWIFT_STANDARD_LIBRARIES = YES;
				BUNDLE_LOADER = "$(TEST_HOST)";
				CODE_SIGN_STYLE = Automatic;
				CURRENT_PROJECT_VERSION = 1;
				DEVELOPMENT_TEAM = F2882L3WU5;
				GENERATE_INFOPLIST_FILE = YES;
				IPHONEOS_DEPLOYMENT_TARGET = 17.5;
				MARKETING_VERSION = 1.0;
				PRODUCT_BUNDLE_IDENTIFIER = com.pathos.pokeapidex.PokeapidexTests;
				PRODUCT_NAME = "$(TARGET_NAME)";
				SWIFT_EMIT_LOC_STRINGS = NO;
				SWIFT_VERSION = 5.0;
				TARGETED_DEVICE_FAMILY = "1,2";
				TEST_HOST = "$(BUILT_PRODUCTS_DIR)/Pokeapidex.app/$(BUNDLE_EXECUTABLE_FOLDER_PATH)/Pokeapidex";
			};
			name = Release;
		};
		F53CB7212C4D5D7400357D92 /* Debug */ = {
			isa = XCBuildConfiguration;
			buildSettings = {
				ALWAYS_EMBED_SWIFT_STANDARD_LIBRARIES = YES;
				CODE_SIGN_STYLE = Automatic;
				CURRENT_PROJECT_VERSION = 1;
				DEVELOPMENT_TEAM = F2882L3WU5;
				GENERATE_INFOPLIST_FILE = YES;
				MARKETING_VERSION = 1.0;
				PRODUCT_BUNDLE_IDENTIFIER = com.pathos.pokeapidex.PokeapidexUITests;
				PRODUCT_NAME = "$(TARGET_NAME)";
				SWIFT_EMIT_LOC_STRINGS = NO;
				SWIFT_VERSION = 5.0;
				TARGETED_DEVICE_FAMILY = "1,2";
				TEST_TARGET_NAME = Pokeapidex;
			};
			name = Debug;
		};
		F53CB7222C4D5D7400357D92 /* Release */ = {
			isa = XCBuildConfiguration;
			buildSettings = {
				ALWAYS_EMBED_SWIFT_STANDARD_LIBRARIES = YES;
				CODE_SIGN_STYLE = Automatic;
				CURRENT_PROJECT_VERSION = 1;
				DEVELOPMENT_TEAM = F2882L3WU5;
				GENERATE_INFOPLIST_FILE = YES;
				MARKETING_VERSION = 1.0;
				PRODUCT_BUNDLE_IDENTIFIER = com.pathos.pokeapidex.PokeapidexUITests;
				PRODUCT_NAME = "$(TARGET_NAME)";
				SWIFT_EMIT_LOC_STRINGS = NO;
				SWIFT_VERSION = 5.0;
				TARGETED_DEVICE_FAMILY = "1,2";
				TEST_TARGET_NAME = Pokeapidex;
			};
			name = Release;
		};
/* End XCBuildConfiguration section */

/* Begin XCConfigurationList section */
		F53CB6F12C4D5D7300357D92 /* Build configuration list for PBXProject "Pokeapidex" */ = {
			isa = XCConfigurationList;
			buildConfigurations = (
				F53CB7182C4D5D7400357D92 /* Debug */,
				F53CB7192C4D5D7400357D92 /* Release */,
			);
			defaultConfigurationIsVisible = 0;
			defaultConfigurationName = Release;
		};
		F53CB71A2C4D5D7400357D92 /* Build configuration list for PBXNativeTarget "Pokeapidex" */ = {
			isa = XCConfigurationList;
			buildConfigurations = (
				F53CB71B2C4D5D7400357D92 /* Debug */,
				F53CB71C2C4D5D7400357D92 /* Release */,
			);
			defaultConfigurationIsVisible = 0;
			defaultConfigurationName = Release;
		};
		F53CB71D2C4D5D7400357D92 /* Build configuration list for PBXNativeTarget "PokeapidexTests" */ = {
			isa = XCConfigurationList;
			buildConfigurations = (
				F53CB71E2C4D5D7400357D92 /* Debug */,
				F53CB71F2C4D5D7400357D92 /* Release */,
			);
			defaultConfigurationIsVisible = 0;
			defaultConfigurationName = Release;
		};
		F53CB7202C4D5D7400357D92 /* Build configuration list for PBXNativeTarget "PokeapidexUITests" */ = {
			isa = XCConfigurationList;
			buildConfigurations = (
				F53CB7212C4D5D7400357D92 /* Debug */,
				F53CB7222C4D5D7400357D92 /* Release */,
			);
			defaultConfigurationIsVisible = 0;
			defaultConfigurationName = Release;
		};
/* End XCConfigurationList section */
	};
	rootObject = F53CB6EE2C4D5D7300357D92 /* Project object */;
}
